
Microsoft Visual Studio Solution File, Format Version 12.00
# Visual Studio Version 16
VisualStudioVersion = 16.0.31911.196
MinimumVisualStudioVersion = 10.0.40219.1
Project("{FAE04EC0-301F-11D3-BF4B-00C04F79EFBC}") = "workplease", "workplease\workplease.csproj", "{0272BC2D-E741-4D66-B0E1-9F1AEE5DA2A3}"
EndProject
Global
	GlobalSection(SolutionConfigurationPlatforms) = preSolution
		Debug|Any CPU = Debug|Any CPU
		Release|Any CPU = Release|Any CPU
	EndGlobalSection
	GlobalSection(ProjectConfigurationPlatforms) = postSolution
		{0272BC2D-E741-4D66-B0E1-9F1AEE5DA2A3}.Debug|Any CPU.ActiveCfg = Debug|Any CPU
		{0272BC2D-E741-4D66-B0E1-9F1AEE5DA2A3}.Debug|Any CPU.Build.0 = Debug|Any CPU
		{0272BC2D-E741-4D66-B0E1-9F1AEE5DA2A3}.Release|Any CPU.ActiveCfg = Release|Any CPU
		{0272BC2D-E741-4D66-B0E1-9F1AEE5DA2A3}.Release|Any CPU.Build.0 = Release|Any CPU
	EndGlobalSection
	GlobalSection(SolutionProperties) = preSolution
		HideSolutionNode = FALSE
	EndGlobalSection
	GlobalSection(ExtensibilityGlobals) = postSolution
		SolutionGuid = {252A0266-86E2-471D-88FD-3E05470943B5}
	EndGlobalSection
EndGlobal
